// !$*UTF8*$!
{
	archiveVersion = 1;
	classes = {
	};
	objectVersion = 77;
	objects = {

/* Begin PBXBuildFile section */
		C13B419F2D328A59006D3386 /* CountSetBit.c in Sources */ = {isa = PBXBuildFile; fileRef = C13B419B2D328A59006D3386 /* CountSetBit.c */; };
		C13B41A02D328A59006D3386 /* main.c in Sources */ = {isa = PBXBuildFile; fileRef = C13B419D2D328A59006D3386 /* main.c */; };
		C13B41A12D328A59006D3386 /* MinMaxSum.c in Sources */ = {isa = PBXBuildFile; fileRef = C13B41982D328A59006D3386 /* MinMaxSum.c */; };
/* End PBXBuildFile section */

/* Begin PBXCopyFilesBuildPhase section */
		C18AFB972D266056000EA83D /* CopyFiles */ = {
			isa = PBXCopyFilesBuildPhase;
			buildActionMask = 2147483647;
			dstPath = /usr/share/man/man1/;
			dstSubfolderSpec = 0;
			files = (
			);
			runOnlyForDeploymentPostprocessing = 1;
		};
/* End PBXCopyFilesBuildPhase section */

/* Begin PBXFileReference section */
		C13B41972D328A59006D3386 /* MinMaxSum.h */ = {isa = PBXFileReference; lastKnownFileType = sourcecode.c.h; path = MinMaxSum.h; sourceTree = "<group>"; };
		C13B41982D328A59006D3386 /* MinMaxSum.c */ = {isa = PBXFileReference; lastKnownFileType = sourcecode.c.c; path = MinMaxSum.c; sourceTree = "<group>"; };
		C13B419A2D328A59006D3386 /* CountSetBit.h */ = {isa = PBXFileReference; lastKnownFileType = sourcecode.c.h; path = CountSetBit.h; sourceTree = "<group>"; };
		C13B419B2D328A59006D3386 /* CountSetBit.c */ = {isa = PBXFileReference; lastKnownFileType = sourcecode.c.c; path = CountSetBit.c; sourceTree = "<group>"; };
		C13B419D2D328A59006D3386 /* main.c */ = {isa = PBXFileReference; lastKnownFileType = sourcecode.c.c; path = main.c; sourceTree = "<group>"; };
		C18AFB992D266056000EA83D /* PrimitiveProblem */ = {isa = PBXFileReference; explicitFileType = "compiled.mach-o.executable"; includeInIndex = 0; path = PrimitiveProblem; sourceTree = BUILT_PRODUCTS_DIR; };
/* End PBXFileReference section */

/* Begin PBXFrameworksBuildPhase section */
		C18AFB962D266056000EA83D /* Frameworks */ = {
			isa = PBXFrameworksBuildPhase;
			buildActionMask = 2147483647;
			files = (
			);
			runOnlyForDeploymentPostprocessing = 0;
		};
/* End PBXFrameworksBuildPhase section */

/* Begin PBXGroup section */
		C13B41992D328A59006D3386 /* MinMaxSum */ = {
			isa = PBXGroup;
			children = (
				C13B41972D328A59006D3386 /* MinMaxSum.h */,
				C13B41982D328A59006D3386 /* MinMaxSum.c */,
			);
			path = MinMaxSum;
			sourceTree = "<group>";
		};
		C13B419C2D328A59006D3386 /* SetCountBit */ = {
			isa = PBXGroup;
			children = (
				C13B419A2D328A59006D3386 /* CountSetBit.h */,
				C13B419B2D328A59006D3386 /* CountSetBit.c */,
			);
			path = SetCountBit;
			sourceTree = "<group>";
		};
		C13B419E2D328A59006D3386 /* PrimitiveProblem */ = {
			isa = PBXGroup;
			children = (
				C13B419D2D328A59006D3386 /* main.c */,
				C13B41992D328A59006D3386 /* MinMaxSum */,
				C13B419C2D328A59006D3386 /* SetCountBit */,
			);
			path = PrimitiveProblem;
			sourceTree = "<group>";
		};
		C18AFB902D266056000EA83D = {
			isa = PBXGroup;
			children = (
				C13B419E2D328A59006D3386 /* PrimitiveProblem */,
				C18AFB9A2D266056000EA83D /* Products */,
			);
			sourceTree = "<group>";
		};
		C18AFB9A2D266056000EA83D /* Products */ = {
			isa = PBXGroup;
			children = (
				C18AFB992D266056000EA83D /* PrimitiveProblem */,
			);
			name = Products;
			sourceTree = "<group>";
		};
/* End PBXGroup section */

/* Begin PBXNativeTarget section */
		C18AFB982D266056000EA83D /* PrimitiveProblem */ = {
			isa = PBXNativeTarget;
			buildConfigurationList = C18AFBA02D266056000EA83D /* Build configuration list for PBXNativeTarget "PrimitiveProblem" */;
			buildPhases = (
				C18AFB952D266056000EA83D /* Sources */,
				C18AFB962D266056000EA83D /* Frameworks */,
				C18AFB972D266056000EA83D /* CopyFiles */,
			);
			buildRules = (
			);
			dependencies = (
			);
			name = PrimitiveProblem;
			packageProductDependencies = (
			);
			productName = Algorithms;
			productReference = C18AFB992D266056000EA83D /* PrimitiveProblem */;
			productType = "com.apple.product-type.tool";
		};
/* End PBXNativeTarget section */

/* Begin PBXProject section */
		C18AFB912D266056000EA83D /* Project object */ = {
			isa = PBXProject;
			attributes = {
				BuildIndependentTargetsInParallel = 1;
				LastUpgradeCheck = 1610;
				TargetAttributes = {
					C18AFB982D266056000EA83D = {
						CreatedOnToolsVersion = 16.1;
						LastSwiftMigration = 1610;
					};
				};
			};
			buildConfigurationList = C18AFB942D266056000EA83D /* Build configuration list for PBXProject "PrimitiveProblem" */;
			developmentRegion = en;
			hasScannedForEncodings = 0;
			knownRegions = (
				en,
				Base,
			);
			mainGroup = C18AFB902D266056000EA83D;
			minimizedProjectReferenceProxies = 1;
			preferredProjectObjectVersion = 77;
			productRefGroup = C18AFB9A2D266056000EA83D /* Products */;
			projectDirPath = "";
			projectRoot = "";
			targets = (
				C18AFB982D266056000EA83D /* PrimitiveProblem */,
			);
		};
/* End PBXProject section */

/* Begin PBXSourcesBuildPhase section */
		C18AFB952D266056000EA83D /* Sources */ = {
			isa = PBXSourcesBuildPhase;
			buildActionMask = 2147483647;
			files = (
				C13B419F2D328A59006D3386 /* CountSetBit.c in Sources */,
				C13B41A02D328A59006D3386 /* main.c in Sources */,
				C13B41A12D328A59006D3386 /* MinMaxSum.c in Sources */,
			);
			runOnlyForDeploymentPostprocessing = 0;
		};
/* End PBXSourcesBuildPhase section */

/* Begin XCBuildConfiguration section */
		C18AFB9E2D266056000EA83D /* Debug */ = {
			isa = XCBuildConfiguration;
			buildSettings = {
				ALWAYS_SEARCH_USER_PATHS = NO;
				ASSETCATALOG_COMPILER_GENERATE_SWIFT_ASSET_SYMBOL_EXTENSIONS = YES;
				CLANG_ANALYZER_NONNULL = YES;
				CLANG_ANALYZER_NUMBER_OBJECT_CONVERSION = YES_AGGRESSIVE;
				CLANG_CXX_LANGUAGE_STANDARD = "gnu++20";
				CLANG_ENABLE_MODULES = YES;
				CLANG_ENABLE_OBJC_ARC = YES;
				CLANG_ENABLE_OBJC_WEAK = YES;
				CLANG_WARN_BLOCK_CAPTURE_AUTORELEASING = YES;
				CLANG_WARN_BOOL_CONVERSION = YES;
				CLANG_WARN_COMMA = YES;
				CLANG_WARN_CONSTANT_CONVERSION = YES;
				CLANG_WARN_DEPRECATED_OBJC_IMPLEMENTATIONS = YES;
				CLANG_WARN_DIRECT_OBJC_ISA_USAGE = YES_ERROR;
				CLANG_WARN_DOCUMENTATION_COMMENTS = YES;
				CLANG_WARN_EMPTY_BODY = YES;
				CLANG_WARN_ENUM_CONVERSION = YES;
				CLANG_WARN_INFINITE_RECURSION = YES;
				CLANG_WARN_INT_CONVERSION = YES;
				CLANG_WARN_NON_LITERAL_NULL_CONVERSION = YES;
				CLANG_WARN_OBJC_IMPLICIT_RETAIN_SELF = YES;
				CLANG_WARN_OBJC_LITERAL_CONVERSION = YES;
				CLANG_WARN_OBJC_ROOT_CLASS = YES_ERROR;
				CLANG_WARN_QUOTED_INCLUDE_IN_FRAMEWORK_HEADER = YES;
				CLANG_WARN_RANGE_LOOP_ANALYSIS = YES;
				CLANG_WARN_STRICT_PROTOTYPES = YES;
				CLANG_WARN_SUSPICIOUS_MOVE = YES;
				CLANG_WARN_UNGUARDED_AVAILABILITY = YES_AGGRESSIVE;
				CLANG_WARN_UNREACHABLE_CODE = YES;
				CLANG_WARN__DUPLICATE_METHOD_MATCH = YES;
				COPY_PHASE_STRIP = NO;
				DEBUG_INFORMATION_FORMAT = dwarf;
				ENABLE_STRICT_OBJC_MSGSEND = YES;
				ENABLE_TESTABILITY = YES;
				ENABLE_USER_SCRIPT_SANDBOXING = YES;
				GCC_C_LANGUAGE_STANDARD = gnu17;
				GCC_DYNAMIC_NO_PIC = NO;
				GCC_NO_COMMON_BLOCKS = YES;
				GCC_OPTIMIZATION_LEVEL = 0;
				GCC_PREPROCESSOR_DEFINITIONS = (
					"DEBUG=1",
					"$(inherited)",
				);
				GCC_WARN_64_TO_32_BIT_CONVERSION = YES;
				GCC_WARN_ABOUT_RETURN_TYPE = YES_ERROR;
				GCC_WARN_UNDECLARED_SELECTOR = YES;
				GCC_WARN_UNINITIALIZED_AUTOS = YES_AGGRESSIVE;
				GCC_WARN_UNUSED_FUNCTION = YES;
				GCC_WARN_UNUSED_VARIABLE = YES;
				LOCALIZATION_PREFERS_STRING_CATALOGS = YES;
				MACOSX_DEPLOYMENT_TARGET = 15.1;
				MTL_ENABLE_DEBUG_INFO = INCLUDE_SOURCE;
				MTL_FAST_MATH = YES;
				ONLY_ACTIVE_ARCH = YES;
				SDKROOT = macosx;
			};
			name = Debug;
		};
		C18AFB9F2D266056000EA83D /* Release */ = {
			isa = XCBuildConfiguration;
			buildSettings = {
				ALWAYS_SEARCH_USER_PATHS = NO;
				ASSETCATALOG_COMPILER_GENERATE_SWIFT_ASSET_SYMBOL_EXTENSIONS = YES;
				CLANG_ANALYZER_NONNULL = YES;
				CLANG_ANALYZER_NUMBER_OBJECT_CONVERSION = YES_AGGRESSIVE;
				CLANG_CXX_LANGUAGE_STANDARD = "gnu++20";
				CLANG_ENABLE_MODULES = YES;
				CLANG_ENABLE_OBJC_ARC = YES;
				CLANG_ENABLE_OBJC_WEAK = YES;
				CLANG_WARN_BLOCK_CAPTURE_AUTORELEASING = YES;
				CLANG_WARN_BOOL_CONVERSION = YES;
				CLANG_WARN_COMMA = YES;
				CLANG_WARN_CONSTANT_CONVERSION = YES;
				CLANG_WARN_DEPRECATED_OBJC_IMPLEMENTATIONS = YES;
				CLANG_WARN_DIRECT_OBJC_ISA_USAGE = YES_ERROR;
				CLANG_WARN_DOCUMENTATION_COMMENTS = YES;
				CLANG_WARN_EMPTY_BODY = YES;
				CLANG_WARN_ENUM_CONVERSION = YES;
				CLANG_WARN_INFINITE_RECURSION = YES;
				CLANG_WARN_INT_CONVERSION = YES;
				CLANG_WARN_NON_LITERAL_NULL_CONVERSION = YES;
				CLANG_WARN_OBJC_IMPLICIT_RETAIN_SELF = YES;
				CLANG_WARN_OBJC_LITERAL_CONVERSION = YES;
				CLANG_WARN_OBJC_ROOT_CLASS = YES_ERROR;
				CLANG_WARN_QUOTED_INCLUDE_IN_FRAMEWORK_HEADER = YES;
				CLANG_WARN_RANGE_LOOP_ANALYSIS = YES;
				CLANG_WARN_STRICT_PROTOTYPES = YES;
				CLANG_WARN_SUSPICIOUS_MOVE = YES;
				CLANG_WARN_UNGUARDED_AVAILABILITY = YES_AGGRESSIVE;
				CLANG_WARN_UNREACHABLE_CODE = YES;
				CLANG_WARN__DUPLICATE_METHOD_MATCH = YES;
				COPY_PHASE_STRIP = NO;
				DEBUG_INFORMATION_FORMAT = "dwarf-with-dsym";
				ENABLE_NS_ASSERTIONS = NO;
				ENABLE_STRICT_OBJC_MSGSEND = YES;
				ENABLE_USER_SCRIPT_SANDBOXING = YES;
				GCC_C_LANGUAGE_STANDARD = gnu17;
				GCC_NO_COMMON_BLOCKS = YES;
				GCC_WARN_64_TO_32_BIT_CONVERSION = YES;
				GCC_WARN_ABOUT_RETURN_TYPE = YES_ERROR;
				GCC_WARN_UNDECLARED_SELECTOR = YES;
				GCC_WARN_UNINITIALIZED_AUTOS = YES_AGGRESSIVE;
				GCC_WARN_UNUSED_FUNCTION = YES;
				GCC_WARN_UNUSED_VARIABLE = YES;
				LOCALIZATION_PREFERS_STRING_CATALOGS = YES;
				MACOSX_DEPLOYMENT_TARGET = 15.1;
				MTL_ENABLE_DEBUG_INFO = NO;
				MTL_FAST_MATH = YES;
				SDKROOT = macosx;
			};
			name = Release;
		};
		C18AFBA12D266056000EA83D /* Debug */ = {
			isa = XCBuildConfiguration;
			buildSettings = {
				CLANG_ENABLE_MODULES = YES;
				CODE_SIGN_STYLE = Automatic;
				PRODUCT_NAME = "$(TARGET_NAME)";
				SWIFT_OPTIMIZATION_LEVEL = "-Onone";
				SWIFT_VERSION = 6.0;
			};
			name = Debug;
		};
		C18AFBA22D266056000EA83D /* Release */ = {
			isa = XCBuildConfiguration;
			buildSettings = {
				CLANG_ENABLE_MODULES = YES;
				CODE_SIGN_STYLE = Automatic;
				PRODUCT_NAME = "$(TARGET_NAME)";
				SWIFT_VERSION = 6.0;
			};
			name = Release;
		};
/* End XCBuildConfiguration section */

/* Begin XCConfigurationList section */
		C18AFB942D266056000EA83D /* Build configuration list for PBXProject "PrimitiveProblem" */ = {
			isa = XCConfigurationList;
			buildConfigurations = (
				C18AFB9E2D266056000EA83D /* Debug */,
				C18AFB9F2D266056000EA83D /* Release */,
			);
			defaultConfigurationIsVisible = 0;
			defaultConfigurationName = Release;
		};
		C18AFBA02D266056000EA83D /* Build configuration list for PBXNativeTarget "PrimitiveProblem" */ = {
			isa = XCConfigurationList;
			buildConfigurations = (
				C18AFBA12D266056000EA83D /* Debug */,
				C18AFBA22D266056000EA83D /* Release */,
			);
			defaultConfigurationIsVisible = 0;
			defaultConfigurationName = Release;
		};
/* End XCConfigurationList section */
	};
	rootObject = C18AFB912D266056000EA83D /* Project object */;
}
